
Microsoft Visual Studio Solution File, Format Version 12.00
# Visual Studio 15
VisualStudioVersion = 15.0.28010.2026
MinimumVisualStudioVersion = 10.0.40219.1
Project("{FAE04EC0-301F-11D3-BF4B-00C04F79EFBC}") = "CapstoneUserInterface", "CapstoneUserInterface\CapstoneUserInterface.csproj", "{38D24FCE-6CCF-45D1-8C20-F9367EF46D2C}"
EndProject
Global
	GlobalSection(SolutionConfigurationPlatforms) = preSolution
		Debug|Any CPU = Debug|Any CPU
		Release|Any CPU = Release|Any CPU
	EndGlobalSection
	GlobalSection(ProjectConfigurationPlatforms) = postSolution
		{38D24FCE-6CCF-45D1-8C20-F9367EF46D2C}.Debug|Any CPU.ActiveCfg = Debug|Any CPU
		{38D24FCE-6CCF-45D1-8C20-F9367EF46D2C}.Debug|Any CPU.Build.0 = Debug|Any CPU
		{38D24FCE-6CCF-45D1-8C20-F9367EF46D2C}.Release|Any CPU.ActiveCfg = Release|Any CPU
		{38D24FCE-6CCF-45D1-8C20-F9367EF46D2C}.Release|Any CPU.Build.0 = Release|Any CPU
	EndGlobalSection
	GlobalSection(SolutionProperties) = preSolution
		HideSolutionNode = FALSE
	EndGlobalSection
	GlobalSection(ExtensibilityGlobals) = postSolution
		SolutionGuid = {B3DAF0DE-2D9A-4698-9915-A88A0C60AEAF}
	EndGlobalSection
EndGlobal
